
Microsoft Visual Studio Solution File, Format Version 12.00
# Visual Studio Version 16
VisualStudioVersion = 16.0.29326.143
MinimumVisualStudioVersion = 10.0.40219.1
Project("{9A19103F-16F7-4668-BE54-9A1E7A4F7556}") = "Cegeka.Guild.Pokeverse.Api", "Cegeka.Guild.Pokeverse.Api\Cegeka.Guild.Pokeverse.Api.csproj", "{C99C0CE6-1D38-44F9-8C73-D9CB3E0F05CD}"
EndProject
Project("{2150E333-8FDC-42A3-9474-1A3956D46DE8}") = "01. Presentation", "01. Presentation", "{BCDE5751-D407-4B78-88F3-43596E945EF8}"
EndProject
Project("{2150E333-8FDC-42A3-9474-1A3956D46DE8}") = "02. Infrastructure", "02. Infrastructure", "{89692A89-F9DA-4565-B05D-059BFFB3B3B4}"
EndProject
Project("{2150E333-8FDC-42A3-9474-1A3956D46DE8}") = "03. Core", "03. Core", "{A3491B55-12B5-4757-ACBE-3E98322DDF7C}"
EndProject
Project("{9A19103F-16F7-4668-BE54-9A1E7A4F7556}") = "Cegeka.Guild.Pokeverse.Business", "Cegeka.Guild.Pokeverse.Business\Cegeka.Guild.Pokeverse.Business.csproj", "{085CDB9A-A60E-474B-8838-500877595362}"
EndProject
Project("{9A19103F-16F7-4668-BE54-9A1E7A4F7556}") = "Cegeka.Guild.Pokeverse.Domain", "Cegeka.Guild.Pokeverse.Domain\Cegeka.Guild.Pokeverse.Domain.csproj", "{CC19D404-179C-4929-A7FA-74C4FFC3F64E}"
EndProject
Project("{9A19103F-16F7-4668-BE54-9A1E7A4F7556}") = "Cegeka.Guild.Pokeverse.Persistence.InMemory", "Cegeka.Guild.Pokeverse.Persistence.InMemory\Cegeka.Guild.Pokeverse.Persistence.InMemory.csproj", "{B2D44C8E-EC61-484A-A6D6-3476549F7D41}"
EndProject
Project("{9A19103F-16F7-4668-BE54-9A1E7A4F7556}") = "Cegeka.Guild.Pokeverse.Infrastructure", "Cegeka.Guild.Pokeverse.Infrastructure\Cegeka.Guild.Pokeverse.Infrastructure.csproj", "{A622CF9C-9EAD-486A-93FB-782161E6E674}"
EndProject
Project("{9A19103F-16F7-4668-BE54-9A1E7A4F7556}") = "Cegeka.Guild.Pokeverse.Persistence.EntityFramework", "Cegeka.Guild.Pokeverse.Persistence.EntityFramework\Cegeka.Guild.Pokeverse.Persistence.EntityFramework.csproj", "{F91BD748-2623-4750-80DC-99490E20A9A7}"
EndProject
Project("{2150E333-8FDC-42A3-9474-1A3956D46DE8}") = "04. Crosscutting Concerns", "04. Crosscutting Concerns", "{C58B9D3A-C263-4A6B-BF83-E0506441720F}"
EndProject
Project("{FAE04EC0-301F-11D3-BF4B-00C04F79EFBC}") = "Cegeka.Guild.Pokeverse.Common", "Cegeka.Guild.Pokeverse.Common\Cegeka.Guild.Pokeverse.Common.csproj", "{8193EA21-BE33-480F-9025-702E9876E37D}"
EndProject
Global
	GlobalSection(SolutionConfigurationPlatforms) = preSolution
		Debug|Any CPU = Debug|Any CPU
		Release|Any CPU = Release|Any CPU
	EndGlobalSection
	GlobalSection(ProjectConfigurationPlatforms) = postSolution
		{C99C0CE6-1D38-44F9-8C73-D9CB3E0F05CD}.Debug|Any CPU.ActiveCfg = Debug|Any CPU
		{C99C0CE6-1D38-44F9-8C73-D9CB3E0F05CD}.Debug|Any CPU.Build.0 = Debug|Any CPU
		{C99C0CE6-1D38-44F9-8C73-D9CB3E0F05CD}.Release|Any CPU.ActiveCfg = Release|Any CPU
		{C99C0CE6-1D38-44F9-8C73-D9CB3E0F05CD}.Release|Any CPU.Build.0 = Release|Any CPU
		{085CDB9A-A60E-474B-8838-500877595362}.Debug|Any CPU.ActiveCfg = Debug|Any CPU
		{085CDB9A-A60E-474B-8838-500877595362}.Debug|Any CPU.Build.0 = Debug|Any CPU
		{085CDB9A-A60E-474B-8838-500877595362}.Release|Any CPU.ActiveCfg = Release|Any CPU
		{085CDB9A-A60E-474B-8838-500877595362}.Release|Any CPU.Build.0 = Release|Any CPU
		{CC19D404-179C-4929-A7FA-74C4FFC3F64E}.Debug|Any CPU.ActiveCfg = Debug|Any CPU
		{CC19D404-179C-4929-A7FA-74C4FFC3F64E}.Debug|Any CPU.Build.0 = Debug|Any CPU
		{CC19D404-179C-4929-A7FA-74C4FFC3F64E}.Release|Any CPU.ActiveCfg = Release|Any CPU
		{CC19D404-179C-4929-A7FA-74C4FFC3F64E}.Release|Any CPU.Build.0 = Release|Any CPU
		{B2D44C8E-EC61-484A-A6D6-3476549F7D41}.Debug|Any CPU.ActiveCfg = Debug|Any CPU
		{B2D44C8E-EC61-484A-A6D6-3476549F7D41}.Debug|Any CPU.Build.0 = Debug|Any CPU
		{B2D44C8E-EC61-484A-A6D6-3476549F7D41}.Release|Any CPU.ActiveCfg = Release|Any CPU
		{B2D44C8E-EC61-484A-A6D6-3476549F7D41}.Release|Any CPU.Build.0 = Release|Any CPU
		{A622CF9C-9EAD-486A-93FB-782161E6E674}.Debug|Any CPU.ActiveCfg = Debug|Any CPU
		{A622CF9C-9EAD-486A-93FB-782161E6E674}.Debug|Any CPU.Build.0 = Debug|Any CPU
		{A622CF9C-9EAD-486A-93FB-782161E6E674}.Release|Any CPU.ActiveCfg = Release|Any CPU
		{A622CF9C-9EAD-486A-93FB-782161E6E674}.Release|Any CPU.Build.0 = Release|Any CPU
		{F91BD748-2623-4750-80DC-99490E20A9A7}.Debug|Any CPU.ActiveCfg = Debug|Any CPU
		{F91BD748-2623-4750-80DC-99490E20A9A7}.Debug|Any CPU.Build.0 = Debug|Any CPU
		{F91BD748-2623-4750-80DC-99490E20A9A7}.Release|Any CPU.ActiveCfg = Release|Any CPU
		{F91BD748-2623-4750-80DC-99490E20A9A7}.Release|Any CPU.Build.0 = Release|Any CPU
		{8193EA21-BE33-480F-9025-702E9876E37D}.Debug|Any CPU.ActiveCfg = Debug|Any CPU
		{8193EA21-BE33-480F-9025-702E9876E37D}.Debug|Any CPU.Build.0 = Debug|Any CPU
		{8193EA21-BE33-480F-9025-702E9876E37D}.Release|Any CPU.ActiveCfg = Release|Any CPU
		{8193EA21-BE33-480F-9025-702E9876E37D}.Release|Any CPU.Build.0 = Release|Any CPU
	EndGlobalSection
	GlobalSection(SolutionProperties) = preSolution
		HideSolutionNode = FALSE
	EndGlobalSection
	GlobalSection(NestedProjects) = preSolution
		{C99C0CE6-1D38-44F9-8C73-D9CB3E0F05CD} = {BCDE5751-D407-4B78-88F3-43596E945EF8}
		{085CDB9A-A60E-474B-8838-500877595362} = {A3491B55-12B5-4757-ACBE-3E98322DDF7C}
		{CC19D404-179C-4929-A7FA-74C4FFC3F64E} = {A3491B55-12B5-4757-ACBE-3E98322DDF7C}
		{B2D44C8E-EC61-484A-A6D6-3476549F7D41} = {89692A89-F9DA-4565-B05D-059BFFB3B3B4}
		{A622CF9C-9EAD-486A-93FB-782161E6E674} = {89692A89-F9DA-4565-B05D-059BFFB3B3B4}
		{F91BD748-2623-4750-80DC-99490E20A9A7} = {89692A89-F9DA-4565-B05D-059BFFB3B3B4}
		{8193EA21-BE33-480F-9025-702E9876E37D} = {C58B9D3A-C263-4A6B-BF83-E0506441720F}
	EndGlobalSection
	GlobalSection(ExtensibilityGlobals) = postSolution
		SolutionGuid = {EC544335-5FBF-4123-9225-066AA7019530}
	EndGlobalSection
EndGlobal
